Microsoft Visual Studio Solution File, Format Version 12.00
# Visual Studio Version 17
VisualStudioVersion = 17.5.2.0
MinimumVisualStudioVersion = 10.0.40219.1
Project("{2150E333-8FDC-42A3-9474-1A3956D46DE8}") = "backend-csharp", "backend-csharp", "{9282804A-3298-B2C8-BADC-E5A863B1FAAF}"
EndProject
Project("{FAE04EC0-301F-11D3-BF4B-00C04F79EFBC}") = "HomeServicesPlatform", "backend-csharp\HomeServicesPlatform.csproj", "{FDBF11A9-3400-3FF3-2E21-D738B64C94B2}"
EndProject
Global
	GlobalSection(SolutionConfigurationPlatforms) = preSolution
		Debug|Any CPU = Debug|Any CPU
		Release|Any CPU = Release|Any CPU
	EndGlobalSection
	GlobalSection(ProjectConfigurationPlatforms) = postSolution
		{FDBF11A9-3400-3FF3-2E21-D738B64C94B2}.Debug|Any CPU.ActiveCfg = Debug|Any CPU
		{FDBF11A9-3400-3FF3-2E21-D738B64C94B2}.Debug|Any CPU.Build.0 = Debug|Any CPU
		{FDBF11A9-3400-3FF3-2E21-D738B64C94B2}.Release|Any CPU.ActiveCfg = Release|Any CPU
		{FDBF11A9-3400-3FF3-2E21-D738B64C94B2}.Release|Any CPU.Build.0 = Release|Any CPU
	EndGlobalSection
	GlobalSection(SolutionProperties) = preSolution
		HideSolutionNode = FALSE
	EndGlobalSection
	GlobalSection(NestedProjects) = preSolution
		{FDBF11A9-3400-3FF3-2E21-D738B64C94B2} = {9282804A-3298-B2C8-BADC-E5A863B1FAAF}
	EndGlobalSection
	GlobalSection(ExtensibilityGlobals) = postSolution
		SolutionGuid = {EC6D9F32-4AF0-490E-919A-19B2198C83C5}
	EndGlobalSection
EndGlobal
